<?xml version="1.0" encoding="utf-8"?>
<Project ToolsVersion="4.0" xmlns="http://schemas.microsoft.com/developer/msbuild/2003">
  <ItemGroup>
    <Filter Include="Header Files">
      <UniqueIdentifier>{93995380-89BD-4b04-88EB-625FBE52EBFB}</UniqueIdentifier>
      <Extensions>h;hh;hpp;hxx;h++;hm;inl;inc;ipp;xsd</Extensions>
    </Filter>
    <Filter Include="cppfront">
      <UniqueIdentifier>{d8969af8-cf34-4b83-9177-c7510db3f07d}</UniqueIdentifier>
    </Filter>
    <Filter Include="CPP Source Files">
      <UniqueIdentifier>{4FC737F1-C7A5-4376-A066-2A32D752A2FF}</UniqueIdentifier>
      <Extensions>cpp;c;cc;cxx;c++;cppm;ixx;def;odl;idl;hpj;bat;asm;asmx</Extensions>
    </Filter>
    <Filter Include="CPP2 Source Files">
      <UniqueIdentifier>{4f7fe043-0bc8-4350-8e5c-fb75466eb0bb}</UniqueIdentifier>
    </Filter>
  </ItemGroup>
  <ItemGroup>
    <ClCompile Include="cpp2variant.cpp">
      <Filter>CPP Source Files</Filter>
    </ClCompile>
  </ItemGroup>
  <ItemGroup>
    <CustomBuild Include="cppfront\source\cppfront.cpp">
      <Filter>cppfront</Filter>
    </CustomBuild>
    <CustomBuild Include="cpp2variant.cpp2">
      <Filter>CPP2 Source Files</Filter>
    </CustomBuild>
  </ItemGroup>
</Project>